
Microsoft Visual Studio Solution File, Format Version 12.00
# Visual Studio 15
Project("{FAE04EC0-301F-11D3-BF4B-00C04F79EFBC}") = "Assembly-CSharp", "Assembly-CSharp.csproj", "{BA179769-7797-B678-3C40-93DE6203AFA4}"
EndProject
Project("{FAE04EC0-301F-11D3-BF4B-00C04F79EFBC}") = "Assembly-CSharp-Editor", "Assembly-CSharp-Editor.csproj", "{8CCFD040-1085-1A63-F28A-EAB823917AA8}"
EndProject
Global
	GlobalSection(SolutionConfigurationPlatforms) = preSolution
		Debug|Any CPU = Debug|Any CPU
		Release|Any CPU = Release|Any CPU
	EndGlobalSection
	GlobalSection(ProjectConfigurationPlatforms) = postSolution
		{BA179769-7797-B678-3C40-93DE6203AFA4}.Debug|Any CPU.ActiveCfg = Debug|Any CPU
		{BA179769-7797-B678-3C40-93DE6203AFA4}.Debug|Any CPU.Build.0 = Debug|Any CPU
		{BA179769-7797-B678-3C40-93DE6203AFA4}.Release|Any CPU.ActiveCfg = Release|Any CPU
		{BA179769-7797-B678-3C40-93DE6203AFA4}.Release|Any CPU.Build.0 = Release|Any CPU
		{8CCFD040-1085-1A63-F28A-EAB823917AA8}.Debug|Any CPU.ActiveCfg = Debug|Any CPU
		{8CCFD040-1085-1A63-F28A-EAB823917AA8}.Debug|Any CPU.Build.0 = Debug|Any CPU
		{8CCFD040-1085-1A63-F28A-EAB823917AA8}.Release|Any CPU.ActiveCfg = Release|Any CPU
		{8CCFD040-1085-1A63-F28A-EAB823917AA8}.Release|Any CPU.Build.0 = Release|Any CPU
	EndGlobalSection
	GlobalSection(SolutionProperties) = preSolution
		HideSolutionNode = FALSE
	EndGlobalSection
EndGlobal
